Microsoft Visual Studio Solution File, Format Version 11.00
# Visual Studio 2008

Project("{8451F370-1BEB-BF3D-7FA2-7ADB3D59FC5E}") = "TotoOno", "Assembly-CSharp.csproj", "{FF012FE2-39B8-3087-BBBE-DEC99DF4713B}"
EndProject
Global
	GlobalSection(SolutionConfigurationPlatforms) = preSolution
		Debug|Any CPU = Debug|Any CPU
		Release|Any CPU = Release|Any CPU
	EndGlobalSection
	GlobalSection(ProjectConfigurationPlatforms) = postSolution
		{FF012FE2-39B8-3087-BBBE-DEC99DF4713B}.Debug|Any CPU.ActiveCfg = Debug|Any CPU
		{FF012FE2-39B8-3087-BBBE-DEC99DF4713B}.Debug|Any CPU.Build.0 = Debug|Any CPU
		{FF012FE2-39B8-3087-BBBE-DEC99DF4713B}.Release|Any CPU.ActiveCfg = Release|Any CPU
		{FF012FE2-39B8-3087-BBBE-DEC99DF4713B}.Release|Any CPU.Build.0 = Release|Any CPU
	EndGlobalSection
	GlobalSection(SolutionProperties) = preSolution
		HideSolutionNode = FALSE
	EndGlobalSection
	GlobalSection(MonoDevelopProperties) = preSolution
		StartupItem = Assembly-CSharp.csproj
	EndGlobalSection
EndGlobal
