Microsoft Visual Studio Solution File, Format Version 11.00
# Visual Studio 2008

Project("{96E8F327-3ACE-BFE4-BA67-66EFCD1F8C63}") = "Toto & Ono (Bros. 2.0)", "Assembly-CSharp.csproj", "{B373D6AB-3C57-9759-11F5-9654865277BF}"
EndProject
Global
	GlobalSection(SolutionConfigurationPlatforms) = preSolution
		Debug|Any CPU = Debug|Any CPU
		Release|Any CPU = Release|Any CPU
	EndGlobalSection
	GlobalSection(ProjectConfigurationPlatforms) = postSolution
		{B373D6AB-3C57-9759-11F5-9654865277BF}.Debug|Any CPU.ActiveCfg = Debug|Any CPU
		{B373D6AB-3C57-9759-11F5-9654865277BF}.Debug|Any CPU.Build.0 = Debug|Any CPU
		{B373D6AB-3C57-9759-11F5-9654865277BF}.Release|Any CPU.ActiveCfg = Release|Any CPU
		{B373D6AB-3C57-9759-11F5-9654865277BF}.Release|Any CPU.Build.0 = Release|Any CPU
	EndGlobalSection
	GlobalSection(SolutionProperties) = preSolution
		HideSolutionNode = FALSE
	EndGlobalSection
	GlobalSection(MonoDevelopProperties) = preSolution
		StartupItem = Assembly-CSharp.csproj
	EndGlobalSection
EndGlobal
